<?xml version="1.0" encoding="utf-8"?>
<Project ToolsVersion="4.0" xmlns="http://schemas.microsoft.com/developer/msbuild/2003">
  <ItemGroup>
    <Filter Include="SDK">
      <UniqueIdentifier>{93995380-89BD-4b04-88EB-625FBE52EBFB}</UniqueIdentifier>
      <Extensions>h;hh;hpp;hxx;hm;inl;inc;ipp;xsd</Extensions>
    </Filter>
  </ItemGroup>
  <ItemGroup>
    <ClCompile Include="Cassiopeia.cpp" />
    <ClCompile Include="..\SDK\PluginSDK.cpp">
      <Filter>SDK</Filter>
    </ClCompile>
    <ClCompile Include="..\SDK\Vector.cpp">
      <Filter>SDK</Filter>
    </ClCompile>
  </ItemGroup>
  <ItemGroup>
    <ClInclude Include="..\SDK\EventArgs.h">
      <Filter>SDK</Filter>
    </ClInclude>
    <ClInclude Include="..\SDK\EventHandler.h">
      <Filter>SDK</Filter>
    </ClInclude>
    <ClInclude Include="..\SDK\PluginSDK.h">
      <Filter>SDK</Filter>
    </ClInclude>
    <ClInclude Include="..\SDK\PluginSDK_Enums.h">
      <Filter>SDK</Filter>
    </ClInclude>
    <ClInclude Include="..\SDK\Vector.h">
      <Filter>SDK</Filter>
    </ClInclude>
  </ItemGroup>
</Project>